
Microsoft Visual Studio Solution File, Format Version 12.00
# Visual Studio Version 16
VisualStudioVersion = 16.0.30413.136
MinimumVisualStudioVersion = 10.0.40219.1
Project("{FAE04EC0-301F-11D3-BF4B-00C04F79EFBC}") = "AdvancedDatabase2", "AdvancedDatabase2\AdvancedDatabase2.csproj", "{E930311A-43B4-4D5F-AEB7-EE6AEBA26408}"
EndProject
Global
	GlobalSection(SolutionConfigurationPlatforms) = preSolution
		Debug|Any CPU = Debug|Any CPU
		Release|Any CPU = Release|Any CPU
	EndGlobalSection
	GlobalSection(ProjectConfigurationPlatforms) = postSolution
		{E930311A-43B4-4D5F-AEB7-EE6AEBA26408}.Debug|Any CPU.ActiveCfg = Debug|Any CPU
		{E930311A-43B4-4D5F-AEB7-EE6AEBA26408}.Debug|Any CPU.Build.0 = Debug|Any CPU
		{E930311A-43B4-4D5F-AEB7-EE6AEBA26408}.Release|Any CPU.ActiveCfg = Release|Any CPU
		{E930311A-43B4-4D5F-AEB7-EE6AEBA26408}.Release|Any CPU.Build.0 = Release|Any CPU
	EndGlobalSection
	GlobalSection(SolutionProperties) = preSolution
		HideSolutionNode = FALSE
	EndGlobalSection
	GlobalSection(ExtensibilityGlobals) = postSolution
		SolutionGuid = {5EFF92A7-65A7-41D5-A282-710062F0ECA9}
	EndGlobalSection
EndGlobal
